<?xml version="1.0" encoding="utf-8"?>
<Project ToolsVersion="4.0" xmlns="http://schemas.microsoft.com/developer/msbuild/2003">
  <ItemGroup>
    <Filter Include="协议">
      <UniqueIdentifier>{d0f3f8a1-854f-4b53-801c-d5edcb2bcd8e}</UniqueIdentifier>
    </Filter>
  </ItemGroup>
  <ItemGroup>
    <ClCompile Include="ProtocolData.cpp">
      <Filter>协议</Filter>
    </ClCompile>
  </ItemGroup>
  <ItemGroup>
    <ClInclude Include="ProtocolData.h">
      <Filter>协议</Filter>
    </ClInclude>
  </ItemGroup>
</Project>